
Microsoft Visual Studio Solution File, Format Version 12.00
# Visual Studio Version 17
VisualStudioVersion = 17.5.33516.290
MinimumVisualStudioVersion = 10.0.40219.1
Project("{FAE04EC0-301F-11D3-BF4B-00C04F79EFBC}") = "SpecflowSelenium", "SpecflowSelenium\SpecflowSelenium.csproj", "{F25BD41F-10C9-419E-9D74-BF6BB07B279D}"
EndProject
Global
	GlobalSection(SolutionConfigurationPlatforms) = preSolution
		Debug|Any CPU = Debug|Any CPU
		Release|Any CPU = Release|Any CPU
	EndGlobalSection
	GlobalSection(ProjectConfigurationPlatforms) = postSolution
		{F25BD41F-10C9-419E-9D74-BF6BB07B279D}.Debug|Any CPU.ActiveCfg = Debug|Any CPU
		{F25BD41F-10C9-419E-9D74-BF6BB07B279D}.Debug|Any CPU.Build.0 = Debug|Any CPU
		{F25BD41F-10C9-419E-9D74-BF6BB07B279D}.Release|Any CPU.ActiveCfg = Release|Any CPU
		{F25BD41F-10C9-419E-9D74-BF6BB07B279D}.Release|Any CPU.Build.0 = Release|Any CPU
	EndGlobalSection
	GlobalSection(SolutionProperties) = preSolution
		HideSolutionNode = FALSE
	EndGlobalSection
	GlobalSection(ExtensibilityGlobals) = postSolution
		SolutionGuid = {84C1C81D-6085-4686-BD18-9BC80E8F58FB}
	EndGlobalSection
EndGlobal
